github.com/Motmedel/utils_go v0.0.299 h1:NVB0PNwlgKNKQNIgN8gPGbIWmniwjectDtqliE+9TX0=
github.com/Motmedel/utils_go v0.0.299/go.mod h1:kKm8jM7GA8M7ICIImi5etOMixRgQfnStBPjEoCMTgbg=
golang.org/x/text v0.31.0 h1:aC8ghyu4JhP8VojJ2lEHBnochRno1sgL6nEi9WGFGMM=
golang.org/x/text v0.31.0/go.mod h1:tKRAlv61yKIjGGHX/4tP1LTbc13YSec1pxVEWXzfoeM=
