github.com/Motmedel/utils_go v0.0.364 h1:DYpbMDjQWDyPdnEVBq/IQ0gj+OeGAJnPFN5HpVdJ2Yk=
github.com/Motmedel/utils_go v0.0.364/go.mod h1:st9wrD7tyw4AM64tOD7rs0vO7tMxmXQC1Apm48B+4Q4=
golang.org/x/text v0.31.0 h1:aC8ghyu4JhP8VojJ2lEHBnochRno1sgL6nEi9WGFGMM=
golang.org/x/text v0.31.0/go.mod h1:tKRAlv61yKIjGGHX/4tP1LTbc13YSec1pxVEWXzfoeM=
