github.com/Motmedel/utils_go v0.0.495 h1:sBbozFTGIfvI6q9IZpfQjTL2lVYxlyzJwW5RA9yORl0=
github.com/Motmedel/utils_go v0.0.495/go.mod h1:OW6mJSOYgP8XP7NEqsAlfKP5U6OyR6oTI/Z/SZsxmpw=
golang.org/x/text v0.31.0 h1:aC8ghyu4JhP8VojJ2lEHBnochRno1sgL6nEi9WGFGMM=
golang.org/x/text v0.31.0/go.mod h1:tKRAlv61yKIjGGHX/4tP1LTbc13YSec1pxVEWXzfoeM=
